
Microsoft Visual Studio Solution File, Format Version 12.00
# Visual Studio Version 16
VisualStudioVersion = 16.0.31613.86
MinimumVisualStudioVersion = 10.0.40219.1
Project("{FAE04EC0-301F-11D3-BF4B-00C04F79EFBC}") = "UnaryOperator", "UnaryOperator\UnaryOperator.csproj", "{99414127-EA5C-4D6E-9E99-B8D3F779B7DF}"
EndProject
Global
	GlobalSection(SolutionConfigurationPlatforms) = preSolution
		Debug|Any CPU = Debug|Any CPU
		Release|Any CPU = Release|Any CPU
	EndGlobalSection
	GlobalSection(ProjectConfigurationPlatforms) = postSolution
		{99414127-EA5C-4D6E-9E99-B8D3F779B7DF}.Debug|Any CPU.ActiveCfg = Debug|Any CPU
		{99414127-EA5C-4D6E-9E99-B8D3F779B7DF}.Debug|Any CPU.Build.0 = Debug|Any CPU
		{99414127-EA5C-4D6E-9E99-B8D3F779B7DF}.Release|Any CPU.ActiveCfg = Release|Any CPU
		{99414127-EA5C-4D6E-9E99-B8D3F779B7DF}.Release|Any CPU.Build.0 = Release|Any CPU
	EndGlobalSection
	GlobalSection(SolutionProperties) = preSolution
		HideSolutionNode = FALSE
	EndGlobalSection
	GlobalSection(ExtensibilityGlobals) = postSolution
		SolutionGuid = {445D9DDE-85C6-4467-8962-8E100EF3E1D1}
	EndGlobalSection
EndGlobal
